
Microsoft Visual Studio Solution File, Format Version 12.00
# Visual Studio Version 17
VisualStudioVersion = 17.1.32210.238
MinimumVisualStudioVersion = 10.0.40219.1
Project("{FAE04EC0-301F-11D3-BF4B-00C04F79EFBC}") = "HyperMarket.Server", "Server\HyperMarket.Server.csproj", "{E239FD4B-050C-408E-8F31-28D9110CC6C3}"
EndProject
Project("{FAE04EC0-301F-11D3-BF4B-00C04F79EFBC}") = "HyperMarket.Client", "Client\HyperMarket.Client.csproj", "{41C7D2F1-6E38-404E-AC50-D44BEA23AD1D}"
EndProject
Project("{9A19103F-16F7-4668-BE54-9A1E7A4F7556}") = "HyperMarket.ViewModels", "Shared\HyperMarket.ViewModels.csproj", "{A37BF8AA-B392-4E31-8734-42AE39DA3088}"
EndProject
Project("{9A19103F-16F7-4668-BE54-9A1E7A4F7556}") = "HyperMarket.Data", "Data\HyperMarket.Data.csproj", "{CEF90B6A-90DC-40DD-B3CF-46A73F7BE930}"
EndProject
Project("{9A19103F-16F7-4668-BE54-9A1E7A4F7556}") = "HyperMarket.DB", "DB\HyperMarket.DB.csproj", "{B931F3E4-24F4-4C24-988F-AB2C67796DDA}"
EndProject
Project("{9A19103F-16F7-4668-BE54-9A1E7A4F7556}") = "Logging", "Logging\Logging.csproj", "{28E5CA63-1946-48FF-AD6B-4D84600B1057}"
EndProject
Project("{9A19103F-16F7-4668-BE54-9A1E7A4F7556}") = "HyperMarket.MailClient", "MailClient\HyperMarket.MailClient.csproj", "{D49630B9-42E6-49D7-8F30-3D8FCF403B5D}"
EndProject
Project("{9A19103F-16F7-4668-BE54-9A1E7A4F7556}") = "HyperMarket.UIControls", "UIControls\HyperMarket.UIControls.csproj", "{2C0F1620-98A0-4FBB-986B-4F06CAF8E650}"
EndProject
Global
	GlobalSection(SolutionConfigurationPlatforms) = preSolution
		Debug|Any CPU = Debug|Any CPU
		Release|Any CPU = Release|Any CPU
	EndGlobalSection
	GlobalSection(ProjectConfigurationPlatforms) = postSolution
		{E239FD4B-050C-408E-8F31-28D9110CC6C3}.Debug|Any CPU.ActiveCfg = Debug|Any CPU
		{E239FD4B-050C-408E-8F31-28D9110CC6C3}.Debug|Any CPU.Build.0 = Debug|Any CPU
		{E239FD4B-050C-408E-8F31-28D9110CC6C3}.Release|Any CPU.ActiveCfg = Release|Any CPU
		{E239FD4B-050C-408E-8F31-28D9110CC6C3}.Release|Any CPU.Build.0 = Release|Any CPU
		{41C7D2F1-6E38-404E-AC50-D44BEA23AD1D}.Debug|Any CPU.ActiveCfg = Debug|Any CPU
		{41C7D2F1-6E38-404E-AC50-D44BEA23AD1D}.Debug|Any CPU.Build.0 = Debug|Any CPU
		{41C7D2F1-6E38-404E-AC50-D44BEA23AD1D}.Release|Any CPU.ActiveCfg = Release|Any CPU
		{41C7D2F1-6E38-404E-AC50-D44BEA23AD1D}.Release|Any CPU.Build.0 = Release|Any CPU
		{A37BF8AA-B392-4E31-8734-42AE39DA3088}.Debug|Any CPU.ActiveCfg = Debug|Any CPU
		{A37BF8AA-B392-4E31-8734-42AE39DA3088}.Debug|Any CPU.Build.0 = Debug|Any CPU
		{A37BF8AA-B392-4E31-8734-42AE39DA3088}.Release|Any CPU.ActiveCfg = Release|Any CPU
		{A37BF8AA-B392-4E31-8734-42AE39DA3088}.Release|Any CPU.Build.0 = Release|Any CPU
		{CEF90B6A-90DC-40DD-B3CF-46A73F7BE930}.Debug|Any CPU.ActiveCfg = Debug|Any CPU
		{CEF90B6A-90DC-40DD-B3CF-46A73F7BE930}.Debug|Any CPU.Build.0 = Debug|Any CPU
		{CEF90B6A-90DC-40DD-B3CF-46A73F7BE930}.Release|Any CPU.ActiveCfg = Release|Any CPU
		{CEF90B6A-90DC-40DD-B3CF-46A73F7BE930}.Release|Any CPU.Build.0 = Release|Any CPU
		{B931F3E4-24F4-4C24-988F-AB2C67796DDA}.Debug|Any CPU.ActiveCfg = Debug|Any CPU
		{B931F3E4-24F4-4C24-988F-AB2C67796DDA}.Debug|Any CPU.Build.0 = Debug|Any CPU
		{B931F3E4-24F4-4C24-988F-AB2C67796DDA}.Release|Any CPU.ActiveCfg = Release|Any CPU
		{B931F3E4-24F4-4C24-988F-AB2C67796DDA}.Release|Any CPU.Build.0 = Release|Any CPU
		{28E5CA63-1946-48FF-AD6B-4D84600B1057}.Debug|Any CPU.ActiveCfg = Debug|Any CPU
		{28E5CA63-1946-48FF-AD6B-4D84600B1057}.Debug|Any CPU.Build.0 = Debug|Any CPU
		{28E5CA63-1946-48FF-AD6B-4D84600B1057}.Release|Any CPU.ActiveCfg = Release|Any CPU
		{28E5CA63-1946-48FF-AD6B-4D84600B1057}.Release|Any CPU.Build.0 = Release|Any CPU
		{D49630B9-42E6-49D7-8F30-3D8FCF403B5D}.Debug|Any CPU.ActiveCfg = Debug|Any CPU
		{D49630B9-42E6-49D7-8F30-3D8FCF403B5D}.Debug|Any CPU.Build.0 = Debug|Any CPU
		{D49630B9-42E6-49D7-8F30-3D8FCF403B5D}.Release|Any CPU.ActiveCfg = Release|Any CPU
		{D49630B9-42E6-49D7-8F30-3D8FCF403B5D}.Release|Any CPU.Build.0 = Release|Any CPU
		{2C0F1620-98A0-4FBB-986B-4F06CAF8E650}.Debug|Any CPU.ActiveCfg = Debug|Any CPU
		{2C0F1620-98A0-4FBB-986B-4F06CAF8E650}.Debug|Any CPU.Build.0 = Debug|Any CPU
		{2C0F1620-98A0-4FBB-986B-4F06CAF8E650}.Release|Any CPU.ActiveCfg = Release|Any CPU
		{2C0F1620-98A0-4FBB-986B-4F06CAF8E650}.Release|Any CPU.Build.0 = Release|Any CPU
	EndGlobalSection
	GlobalSection(SolutionProperties) = preSolution
		HideSolutionNode = FALSE
	EndGlobalSection
	GlobalSection(ExtensibilityGlobals) = postSolution
		SolutionGuid = {E0BC2799-6E49-45C4-9477-1672BDAB7F62}
	EndGlobalSection
EndGlobal
