
Microsoft Visual Studio Solution File, Format Version 12.00
# Visual Studio Version 17
VisualStudioVersion = 17.1.32210.238
MinimumVisualStudioVersion = 10.0.40219.1
Project("{FAE04EC0-301F-11D3-BF4B-00C04F79EFBC}") = "HyperMarket.Services", "HyperMarket\Server\HyperMarket.Services.csproj", "{704EDABE-689D-4C21-A7A2-41A1DDAEE82D}"
EndProject
Project("{FAE04EC0-301F-11D3-BF4B-00C04F79EFBC}") = "HyperMarket.WebApp", "HyperMarket\Client\HyperMarket.WebApp.csproj", "{CB5381E1-2F9A-4B7D-9DBD-9FE9EC8F458F}"
EndProject
Project("{FAE04EC0-301F-11D3-BF4B-00C04F79EFBC}") = "HyperMarket.ViewModels", "HyperMarket\Shared\HyperMarket.ViewModels.csproj", "{EC2C3016-C076-4B7F-B470-0395197646E6}"
EndProject
Project("{FAE04EC0-301F-11D3-BF4B-00C04F79EFBC}") = "HyperMarket.Logging", "HyperMarket.Logging\HyperMarket.Logging.csproj", "{C404CEBB-9F7B-4286-B518-448868482A35}"
EndProject
Project("{FAE04EC0-301F-11D3-BF4B-00C04F79EFBC}") = "HyperMarket.Data", "HyperMarket.Data\HyperMarket.Data.csproj", "{54C4D0DA-F8A2-4D1D-89EC-5D8F48FD414F}"
EndProject
Project("{FAE04EC0-301F-11D3-BF4B-00C04F79EFBC}") = "HyperMarket.DB", "HyperMarket.Domain\HyperMarket.DB.csproj", "{8920BCD6-A4A4-4171-92AF-D16F3BB89465}"
EndProject
Project("{FAE04EC0-301F-11D3-BF4B-00C04F79EFBC}") = "HyperMarket.UIControls", "HyperMarket.UIControls\HyperMarket.UIControls.csproj", "{084A97D8-97C1-4F4E-BB32-EE7D06F4B37E}"
EndProject
Global
	GlobalSection(SolutionConfigurationPlatforms) = preSolution
		Debug|Any CPU = Debug|Any CPU
		Release|Any CPU = Release|Any CPU
	EndGlobalSection
	GlobalSection(ProjectConfigurationPlatforms) = postSolution
		{704EDABE-689D-4C21-A7A2-41A1DDAEE82D}.Debug|Any CPU.ActiveCfg = Debug|Any CPU
		{704EDABE-689D-4C21-A7A2-41A1DDAEE82D}.Debug|Any CPU.Build.0 = Debug|Any CPU
		{704EDABE-689D-4C21-A7A2-41A1DDAEE82D}.Release|Any CPU.ActiveCfg = Release|Any CPU
		{704EDABE-689D-4C21-A7A2-41A1DDAEE82D}.Release|Any CPU.Build.0 = Release|Any CPU
		{CB5381E1-2F9A-4B7D-9DBD-9FE9EC8F458F}.Debug|Any CPU.ActiveCfg = Debug|Any CPU
		{CB5381E1-2F9A-4B7D-9DBD-9FE9EC8F458F}.Debug|Any CPU.Build.0 = Debug|Any CPU
		{CB5381E1-2F9A-4B7D-9DBD-9FE9EC8F458F}.Release|Any CPU.ActiveCfg = Release|Any CPU
		{CB5381E1-2F9A-4B7D-9DBD-9FE9EC8F458F}.Release|Any CPU.Build.0 = Release|Any CPU
		{EC2C3016-C076-4B7F-B470-0395197646E6}.Debug|Any CPU.ActiveCfg = Debug|Any CPU
		{EC2C3016-C076-4B7F-B470-0395197646E6}.Debug|Any CPU.Build.0 = Debug|Any CPU
		{EC2C3016-C076-4B7F-B470-0395197646E6}.Release|Any CPU.ActiveCfg = Release|Any CPU
		{EC2C3016-C076-4B7F-B470-0395197646E6}.Release|Any CPU.Build.0 = Release|Any CPU
		{C404CEBB-9F7B-4286-B518-448868482A35}.Debug|Any CPU.ActiveCfg = Debug|Any CPU
		{C404CEBB-9F7B-4286-B518-448868482A35}.Debug|Any CPU.Build.0 = Debug|Any CPU
		{C404CEBB-9F7B-4286-B518-448868482A35}.Release|Any CPU.ActiveCfg = Release|Any CPU
		{C404CEBB-9F7B-4286-B518-448868482A35}.Release|Any CPU.Build.0 = Release|Any CPU
		{54C4D0DA-F8A2-4D1D-89EC-5D8F48FD414F}.Debug|Any CPU.ActiveCfg = Debug|Any CPU
		{54C4D0DA-F8A2-4D1D-89EC-5D8F48FD414F}.Debug|Any CPU.Build.0 = Debug|Any CPU
		{54C4D0DA-F8A2-4D1D-89EC-5D8F48FD414F}.Release|Any CPU.ActiveCfg = Release|Any CPU
		{54C4D0DA-F8A2-4D1D-89EC-5D8F48FD414F}.Release|Any CPU.Build.0 = Release|Any CPU
		{8920BCD6-A4A4-4171-92AF-D16F3BB89465}.Debug|Any CPU.ActiveCfg = Debug|Any CPU
		{8920BCD6-A4A4-4171-92AF-D16F3BB89465}.Debug|Any CPU.Build.0 = Debug|Any CPU
		{8920BCD6-A4A4-4171-92AF-D16F3BB89465}.Release|Any CPU.ActiveCfg = Release|Any CPU
		{8920BCD6-A4A4-4171-92AF-D16F3BB89465}.Release|Any CPU.Build.0 = Release|Any CPU
		{084A97D8-97C1-4F4E-BB32-EE7D06F4B37E}.Debug|Any CPU.ActiveCfg = Debug|Any CPU
		{084A97D8-97C1-4F4E-BB32-EE7D06F4B37E}.Debug|Any CPU.Build.0 = Debug|Any CPU
		{084A97D8-97C1-4F4E-BB32-EE7D06F4B37E}.Release|Any CPU.ActiveCfg = Release|Any CPU
		{084A97D8-97C1-4F4E-BB32-EE7D06F4B37E}.Release|Any CPU.Build.0 = Release|Any CPU
	EndGlobalSection
	GlobalSection(SolutionProperties) = preSolution
		HideSolutionNode = FALSE
	EndGlobalSection
	GlobalSection(ExtensibilityGlobals) = postSolution
		SolutionGuid = {EE6DD294-CB16-4D07-8EE4-E8521C949D68}
	EndGlobalSection
EndGlobal
